{
  "lockfileVersion": 2,
  "configVersion": 1,
  "workspaces": {
    "": {
      "name": "opencode-browser-cli",
      "dependencies": {
        "@effect/platform-node": "4.0.1",
        "@effect/platform-node-shared": "4.0.1",
        "acorn": "8.18.0",
        "effect": "4.0.1",
        "pixelmatch": "7.2.0",
        "playwright-core": "1.63.0",
        "pngjs": "7.0.0",
        "ws": "8.22.0",
      },
      "devDependencies": {
        "@types/chrome": "0.3.4",
        "@types/node": "26.6.4",
        "@types/pngjs": "6.0.5",
        "@types/ws": "8.18.2",
        "@typescript/native-preview": "7.0.0-dev.20260707.2",
        "jsonc-parser": "3.3.1",
      },
    },
  },
  "packages": {
    "@effect/platform-node": ["@effect/platform-node@4.0.1", "", { "dependencies": { "@effect/platform-node-shared": "^4.0.1", "undici": "^8.11.2" }, "peerDependencies": { "effect": "^4.0.1", "redis": ">=5.0.0 <7.0.0" } }, "sha512-FT0Fu5LO0/XP9zBpj0HqrtJNLluK4StNKqf6TSulUsjp8FPBsDVXGJiDuyoN5J2yVMT7tgvhxSwaDcObWVRIaQ=="],

    "@effect/platform-node-shared": ["@effect/platform-node-shared@4.0.1", "", { "dependencies": { "@types/ws": "^8.18.1", "ws": "^8.22.0" }, "peerDependencies": { "effect": "^4.0.1" } }, "sha512-VanaejudEhKJ4mpmqnEzdncVUhN6sGSO9ZDND54mRxAlZxj+4dYAWjDTYAy9o4tJo9aALeP2U8cVcOFzEdSeLg=="],

    "@redis/bloom": ["@redis/bloom@6.3.0", "", { "peerDependencies": { "@redis/client": "^6.3.0" } }, "sha512-NQ5poYpZr0jv6zazN1cy6JY5kIipKFZ3R9GTL4kOUTX3a9YAfY29U8bsE4lWhVQEM+G4V0BXVC57mubIdDijeA=="],

    "@redis/client": ["@redis/client@6.3.0", "", { "peerDependencies": { "@node-rs/xxhash": "^1.1.0", "@opentelemetry/api": ">=1 <2" }, "optionalPeers": ["@node-rs/xxhash", "@opentelemetry/api"] }, "sha512-fHrjwGCBvAANGi+TuRuwKi83sIOzgHr8eh+Uf48w3fSX7Hhrz174NrWqfJhAC2vnN0d/tfaZpdr6+o6JC3QHwg=="],

    "@redis/json": ["@redis/json@6.3.0", "", { "peerDependencies": { "@redis/client": "^6.3.0" } }, "sha512-yt6vRfPBXtW/3qm53cF81TSQpLMjWdW4/2E9WQ2GgbvsKkuCKCFQIcMiKlil1ZMnezK+IQuS795xKU5psbaegw=="],

    "@redis/search": ["@redis/search@6.3.0", "", { "peerDependencies": { "@redis/client": "^6.3.0" } }, "sha512-RPXAZmKjZZG7Tm7m1w9keFdXzbL91PiSHQBfQRe9xwW40jNsTRbG0FwhIz4QlHPU4gKDAsCy8IQHj4yZl4H9rw=="],

    "@redis/time-series": ["@redis/time-series@6.3.0", "", { "peerDependencies": { "@redis/client": "^6.3.0" } }, "sha512-+fJOB8mN1z5WRakCJNh5lVdz1KqvHGSOistsKeitD24QsCtPwyRQXWC0iq6T/i/ubLE/YcguZqPm8F598MKk4A=="],

    "@types/chrome": ["@types/chrome@0.3.4", "", { "dependencies": { "@types/filesystem": "*", "@types/har-format": "*" } }, "sha512-dcySM5R3WAUVYFjylu6tvI4D03hPKjgAqk+tKZ/tm/vxL4mLgbnSsOEQ3J7V99qP/U3Oo9IORstJLmX2hPaDlA=="],

    "@types/filesystem": ["@types/filesystem@0.0.36", "", { "dependencies": { "@types/filewriter": "*" } }, "sha512-vPDXOZuannb9FZdxgHnqSwAG/jvdGM8Wq+6N4D/d80z+D4HWH+bItqsZaVRQykAn6WEVeEkLm2oQigyHtgb0RA=="],

    "@types/filewriter": ["@types/filewriter@0.0.33", "", {}, "sha512-xFU8ZXTw4gd358lb2jw25nxY9QAgqn2+bKKjKOYfNCzN4DKCFetK7sPtrlpg66Ywe3vWY9FNxprZawAh9wfJ3g=="],

    "@types/har-format": ["@types/har-format@1.2.16", "", {}, "sha512-fluxdy7ryD3MV6h8pTfTYpy/xQzCFC7m89nOH9y94cNqJ1mDIDPut7MnRHI3F6qRmh/cT2fUjG1MLdCNb4hE9A=="],

    "@types/node": ["@types/node@26.6.4", "", { "dependencies": { "undici-types": "~8.9.0" } }, "sha512-ldVPDCzj7fsaGZrLB0NuHuTvJcsNasysBAqMolr/cgxrLd1xbqxIr3XJiPnHHJUCxj5sNF1vnRj9aWnrVh5Jcg=="],

    "@types/pngjs": ["@types/pngjs@6.0.5", "", { "dependencies": { "@types/node": "*" } }, "sha512-0k5eKfrA83JOZPppLtS2C7OUtyNAl2wKNxfyYl9Q5g9lPkgBl/9hNyAu6HuEH2J4XmIv2znEpkDd0SaZVxW6iQ=="],

    "@types/ws": ["@types/ws@8.18.2", "", { "dependencies": { "@types/node": "*" } }, "sha512-67MQl+fpWKVTT1NYdnmo3U4sc/xPo/zQBncVnI74qmQa0z/b+1g6iYqNmGCPbxO+zz2aklb08a0oHfegiVd0/w=="],

    "@typescript/native-preview": ["@typescript/native-preview@7.0.0-dev.20260707.2", "", { "optionalDependencies": { "@typescript/native-preview-darwin-arm64": "7.0.0-dev.20260707.2", "@typescript/native-preview-darwin-x64": "7.0.0-dev.20260707.2", "@typescript/native-preview-linux-arm": "7.0.0-dev.20260707.2", "@typescript/native-preview-linux-arm64": "7.0.0-dev.20260707.2", "@typescript/native-preview-linux-x64": "7.0.0-dev.20260707.2", "@typescript/native-preview-win32-arm64": "7.0.0-dev.20260707.2", "@typescript/native-preview-win32-x64": "7.0.0-dev.20260707.2" }, "bin": { "tsgo": "bin/tsgo" } }, "sha512-oUGp+Rep/hqMhPunyinsALUwSlzHINSxitifPiSaeqoKOKD2OlR9NE3TaPqwsl4NlGslsOSUXI1JotWQzpYCPg=="],

    "@typescript/native-preview-darwin-arm64": ["@typescript/native-preview-darwin-arm64@7.0.0-dev.20260707.2", "", { "os": "darwin", "cpu": "arm64" }, "sha512-wny2pgKjGbiZtnOIHVa3tXC1UfDqxNEFzyPGmiqybedG8hipG2Nfp0l5UxbaKCjkLacUpH/W5bP2hBOMVhCOzg=="],

    "@typescript/native-preview-darwin-x64": ["@typescript/native-preview-darwin-x64@7.0.0-dev.20260707.2", "", { "os": "darwin", "cpu": "x64" }, "sha512-Afc7M5zOwo+GpfcYwz5Z8HMB2tPVsui7nNIqEuuFB73MPdVqNn/Wmpe4tP4MRri0AtJnJknoHBaTJ/VDAp/Jhw=="],

    "@typescript/native-preview-linux-arm": ["@typescript/native-preview-linux-arm@7.0.0-dev.20260707.2", "", { "os": "linux", "cpu": "arm" }, "sha512-hJm/UOqZTr9FHmR7uNm8VGX4oKtfWk0Jem0zPeJFNC8ckGUfSBueyiEYMZB+XmRc1aG4x1E46y3CplP4CLHvGQ=="],

    "@typescript/native-preview-linux-arm64": ["@typescript/native-preview-linux-arm64@7.0.0-dev.20260707.2", "", { "os": "linux", "cpu": "arm64" }, "sha512-iITBa2WjjTI5N9t5l7Z4KoOSI+2zBlhbvFzsD/f8qX8QoKjz/Y4DPyBDgezYi8nkqjjksbgSOJ3/ykzhwrB9cg=="],

    "@typescript/native-preview-linux-x64": ["@typescript/native-preview-linux-x64@7.0.0-dev.20260707.2", "", { "os": "linux", "cpu": "x64" }, "sha512-du0dzi6y97Po5vDNdPJTyyijHCpaS22JLRnKZEJXBDaO9gCIymOv/5QQokFRuOlQm0bWl3i9PF4OVdGP6uAOQA=="],

    "@typescript/native-preview-win32-arm64": ["@typescript/native-preview-win32-arm64@7.0.0-dev.20260707.2", "", { "os": "win32", "cpu": "arm64" }, "sha512-SsAwfhyHJ1akgBc+99z4+hwdbHsdWaKB8EwCNIMA6JfSLMeUjffrYvxu+vfMyxVtOVOz7RrRXRoiDiu4a2sCtg=="],

    "@typescript/native-preview-win32-x64": ["@typescript/native-preview-win32-x64@7.0.0-dev.20260707.2", "", { "os": "win32", "cpu": "x64" }, "sha512-DL4u27stv0fo71sVhOzHSwE+YMZsbBijVI+kg5dLDLilSH79WFTJ8RSQ46vJrCMt+Gjlv/JOZP1PuLJDfioYeQ=="],

    "acorn": ["acorn@8.18.0", "", { "bin": { "acorn": "bin/acorn" } }, "sha512-lGq+9yr1/GuAWaVYIHRjvvySG5/4VfKIvC8EWxStPdcDh/Ka7FG3twP6v4d5BkravUilhIAsG4Qj83t02LWUPQ=="],

    "effect": ["effect@4.0.1", "", {}, "sha512-b1VlQG9g8fwxE5QnIZuPoOP/0MsqHJSRKxUijjoM80E5q95FXrX5yWtY5XI8G+GJsBQAVSDbLS458z9a++uVvw=="],

    "jsonc-parser": ["jsonc-parser@3.3.1", "", {}, "sha512-HUgH65KyejrUFPvHFPbqOY0rsFip3Bo5wb4ngvdi1EpCYWUQDC5V+Y7mZws+DLkr4M//zQJoanu1SP+87Dv1oQ=="],

    "pixelmatch": ["pixelmatch@7.2.0", "", { "dependencies": { "pngjs": "^7.0.0" }, "bin": { "pixelmatch": "bin/pixelmatch" } }, "sha512-xhcb4yHu9sM/G7foGzoLtXYcC0zHEaOXXjRKhGup0fw78Nf2Tkiapv4EQyMzrbcmQPsllAI7DbFY2UT7PlI9Pg=="],

    "playwright-core": ["playwright-core@1.63.0", "", { "bin": { "playwright-core": "cli.js" } }, "sha512-rYCsBF/M5HjUch52bbtVONEFjv6Xu8sm8h72dNlR5bzIE1fvC/bxgspzkjSfU+MweEMmPM8KJebG6nnyxo5mCg=="],

    "pngjs": ["pngjs@7.0.0", "", {}, "sha512-LKWqWJRhstyYo9pGvgor/ivk2w94eSjE3RGVuzLGlr3NmD8bf7RcYGze1mNdEHRP6TRP6rMuDHk5t44hnTRyow=="],

    "redis": ["redis@6.3.0", "", { "dependencies": { "@redis/bloom": "6.3.0", "@redis/client": "6.3.0", "@redis/json": "6.3.0", "@redis/search": "6.3.0", "@redis/time-series": "6.3.0" } }, "sha512-XFQbPie1lGpKeUZ8ySYY43yLnQy/iIQtHNvIr/1XdaABpb96rUSdm3Mfl+98FEVbv9ZJIzINMno5s0Nh8E5LEw=="],

    "undici": ["undici@8.11.2", "", {}, "sha512-u4UB2/IrKdU6lFxumHmmo1a3fCQO5tzQllRorfoRS63txhrB7xTpSn1PftwC4qEHkOaqP95fCWW4lJzwErwzhQ=="],

    "undici-types": ["undici-types@8.9.0", "", {}, "sha512-KTDyRTYX8sWmKXAikPHHSyc63CRPETMctyjKFupcC6OBLXT3xsN0e9aF7m+mIXutFWpUXuedtowG7iLOzp0kQg=="],

    "ws": ["ws@8.22.0", "", { "peerDependencies": { "bufferutil": "^4.0.1", "utf-8-validate": ">=5.0.2" }, "optionalPeers": ["bufferutil", "utf-8-validate"] }, "sha512-Ydggc987+RO0AnWtZ/7Wq9FtNvcrL1b/RO0ud9mWjUPgDrsAAwQSF51sm2hm1XofbU/4jkpGEsLFsZZxU+1DOg=="],
  }
}
